
Microsoft Visual Studio Solution File, Format Version 12.00
# Visual Studio 14
VisualStudioVersion = 14.0.25420.1
MinimumVisualStudioVersion = 10.0.40219.1
Project("{FAE04EC0-301F-11D3-BF4B-00C04F79EFBC}") = "task4", "task4\task4.csproj", "{D63B4C73-073F-4532-8520-2A42B86381F7}"
EndProject
Global
	GlobalSection(SolutionConfigurationPlatforms) = preSolution
		Debug|Any CPU = Debug|Any CPU
		Release|Any CPU = Release|Any CPU
	EndGlobalSection
	GlobalSection(ProjectConfigurationPlatforms) = postSolution
		{D63B4C73-073F-4532-8520-2A42B86381F7}.Debug|Any CPU.ActiveCfg = Debug|Any CPU
		{D63B4C73-073F-4532-8520-2A42B86381F7}.Debug|Any CPU.Build.0 = Debug|Any CPU
		{D63B4C73-073F-4532-8520-2A42B86381F7}.Release|Any CPU.ActiveCfg = Release|Any CPU
		{D63B4C73-073F-4532-8520-2A42B86381F7}.Release|Any CPU.Build.0 = Release|Any CPU
	EndGlobalSection
	GlobalSection(SolutionProperties) = preSolution
		HideSolutionNode = FALSE
	EndGlobalSection
EndGlobal
