
Microsoft Visual Studio Solution File, Format Version 12.00
# Visual Studio Version 16
VisualStudioVersion = 16.0.29409.12
MinimumVisualStudioVersion = 10.0.40219.1
Project("{FAE04EC0-301F-11D3-BF4B-00C04F79EFBC}") = "ThreadsExam", "ThreadsExam.csproj", "{AA76A4E1-E3A2-4402-A07C-31AE4EC0E649}"
EndProject
Global
	GlobalSection(SolutionConfigurationPlatforms) = preSolution
		Debug|Any CPU = Debug|Any CPU
		Release|Any CPU = Release|Any CPU
	EndGlobalSection
	GlobalSection(ProjectConfigurationPlatforms) = postSolution
		{AA76A4E1-E3A2-4402-A07C-31AE4EC0E649}.Debug|Any CPU.ActiveCfg = Debug|Any CPU
		{AA76A4E1-E3A2-4402-A07C-31AE4EC0E649}.Debug|Any CPU.Build.0 = Debug|Any CPU
		{AA76A4E1-E3A2-4402-A07C-31AE4EC0E649}.Release|Any CPU.ActiveCfg = Release|Any CPU
		{AA76A4E1-E3A2-4402-A07C-31AE4EC0E649}.Release|Any CPU.Build.0 = Release|Any CPU
	EndGlobalSection
	GlobalSection(SolutionProperties) = preSolution
		HideSolutionNode = FALSE
	EndGlobalSection
	GlobalSection(ExtensibilityGlobals) = postSolution
		SolutionGuid = {6138BB22-D117-419F-99BE-BAD964B19CDB}
	EndGlobalSection
EndGlobal
