
Microsoft Visual Studio Solution File, Format Version 12.00
# Visual Studio Version 16
VisualStudioVersion = 16.0.29503.13
MinimumVisualStudioVersion = 10.0.40219.1
Project("{8BC9CEB8-8B4A-11D0-8D11-00A0C91BC942}") = "ForTests", "ForTests.vcxproj", "{ED5757B7-09DA-4CAD-8702-1149B7AC2E30}"
EndProject
Global
	GlobalSection(SolutionConfigurationPlatforms) = preSolution
		Debug|x64 = Debug|x64
		Debug|x86 = Debug|x86
		Release|x64 = Release|x64
		Release|x86 = Release|x86
	EndGlobalSection
	GlobalSection(ProjectConfigurationPlatforms) = postSolution
		{ED5757B7-09DA-4CAD-8702-1149B7AC2E30}.Debug|x64.ActiveCfg = Debug|x64
		{ED5757B7-09DA-4CAD-8702-1149B7AC2E30}.Debug|x64.Build.0 = Debug|x64
		{ED5757B7-09DA-4CAD-8702-1149B7AC2E30}.Debug|x86.ActiveCfg = Debug|Win32
		{ED5757B7-09DA-4CAD-8702-1149B7AC2E30}.Debug|x86.Build.0 = Debug|Win32
		{ED5757B7-09DA-4CAD-8702-1149B7AC2E30}.Release|x64.ActiveCfg = Release|x64
		{ED5757B7-09DA-4CAD-8702-1149B7AC2E30}.Release|x64.Build.0 = Release|x64
		{ED5757B7-09DA-4CAD-8702-1149B7AC2E30}.Release|x86.ActiveCfg = Release|Win32
		{ED5757B7-09DA-4CAD-8702-1149B7AC2E30}.Release|x86.Build.0 = Release|Win32
	EndGlobalSection
	GlobalSection(SolutionProperties) = preSolution
		HideSolutionNode = FALSE
	EndGlobalSection
	GlobalSection(ExtensibilityGlobals) = postSolution
		SolutionGuid = {F53365AC-DD2E-44D3-9F3E-FA806A6C1BB7}
	EndGlobalSection
EndGlobal
