
Microsoft Visual Studio Solution File, Format Version 12.00
# Visual Studio 14
VisualStudioVersion = 14.0.25420.1
MinimumVisualStudioVersion = 10.0.40219.1
Project("{FAE04EC0-301F-11D3-BF4B-00C04F79EFBC}") = "HomeWork", "HomeWork.csproj", "{9DE3BF1C-3514-4759-A3C9-1918C2EE2BC1}"
EndProject
Global
	GlobalSection(SolutionConfigurationPlatforms) = preSolution
		Debug|Any CPU = Debug|Any CPU
		Release|Any CPU = Release|Any CPU
	EndGlobalSection
	GlobalSection(ProjectConfigurationPlatforms) = postSolution
		{9DE3BF1C-3514-4759-A3C9-1918C2EE2BC1}.Debug|Any CPU.ActiveCfg = Debug|Any CPU
		{9DE3BF1C-3514-4759-A3C9-1918C2EE2BC1}.Debug|Any CPU.Build.0 = Debug|Any CPU
		{9DE3BF1C-3514-4759-A3C9-1918C2EE2BC1}.Release|Any CPU.ActiveCfg = Release|Any CPU
		{9DE3BF1C-3514-4759-A3C9-1918C2EE2BC1}.Release|Any CPU.Build.0 = Release|Any CPU
	EndGlobalSection
	GlobalSection(SolutionProperties) = preSolution
		HideSolutionNode = FALSE
	EndGlobalSection
EndGlobal
