
Microsoft Visual Studio Solution File, Format Version 12.00
# Visual Studio Version 16
VisualStudioVersion = 16.0.30413.136
MinimumVisualStudioVersion = 10.0.40219.1
Project("{FAE04EC0-301F-11D3-BF4B-00C04F79EFBC}") = "TestTask", "TestTask.csproj", "{743E19A5-DE62-4DA5-A80D-F78DA306DEDA}"
EndProject
Global
	GlobalSection(SolutionConfigurationPlatforms) = preSolution
		Debug|Any CPU = Debug|Any CPU
		Release|Any CPU = Release|Any CPU
	EndGlobalSection
	GlobalSection(ProjectConfigurationPlatforms) = postSolution
		{743E19A5-DE62-4DA5-A80D-F78DA306DEDA}.Debug|Any CPU.ActiveCfg = Debug|Any CPU
		{743E19A5-DE62-4DA5-A80D-F78DA306DEDA}.Debug|Any CPU.Build.0 = Debug|Any CPU
		{743E19A5-DE62-4DA5-A80D-F78DA306DEDA}.Release|Any CPU.ActiveCfg = Release|Any CPU
		{743E19A5-DE62-4DA5-A80D-F78DA306DEDA}.Release|Any CPU.Build.0 = Release|Any CPU
	EndGlobalSection
	GlobalSection(SolutionProperties) = preSolution
		HideSolutionNode = FALSE
	EndGlobalSection
	GlobalSection(ExtensibilityGlobals) = postSolution
		SolutionGuid = {CE6177DC-835D-4AE1-91E4-4BD9ECD78FCE}
	EndGlobalSection
EndGlobal
