
Microsoft Visual Studio Solution File, Format Version 12.00
# Visual Studio Version 16
VisualStudioVersion = 16.0.29519.87
MinimumVisualStudioVersion = 10.0.40219.1
Project("{FAE04EC0-301F-11D3-BF4B-00C04F79EFBC}") = "HttpWebServer", "HttpWebServer.csproj", "{8DB0EE73-4C04-4600-83A4-96F08747A07D}"
EndProject
Global
	GlobalSection(SolutionConfigurationPlatforms) = preSolution
		Debug|Any CPU = Debug|Any CPU
		Release|Any CPU = Release|Any CPU
	EndGlobalSection
	GlobalSection(ProjectConfigurationPlatforms) = postSolution
		{8DB0EE73-4C04-4600-83A4-96F08747A07D}.Debug|Any CPU.ActiveCfg = Debug|Any CPU
		{8DB0EE73-4C04-4600-83A4-96F08747A07D}.Debug|Any CPU.Build.0 = Debug|Any CPU
		{8DB0EE73-4C04-4600-83A4-96F08747A07D}.Release|Any CPU.ActiveCfg = Release|Any CPU
		{8DB0EE73-4C04-4600-83A4-96F08747A07D}.Release|Any CPU.Build.0 = Release|Any CPU
	EndGlobalSection
	GlobalSection(SolutionProperties) = preSolution
		HideSolutionNode = FALSE
	EndGlobalSection
	GlobalSection(ExtensibilityGlobals) = postSolution
		SolutionGuid = {C1CCE39A-5D43-4D9A-9C73-05ED3A08D07B}
	EndGlobalSection
EndGlobal
