
Microsoft Visual Studio Solution File, Format Version 12.00
# Visual Studio Version 16
VisualStudioVersion = 16.0.29409.12
MinimumVisualStudioVersion = 10.0.40219.1
Project("{FAE04EC0-301F-11D3-BF4B-00C04F79EFBC}") = "RunGTAIV", "RunGTAIV.csproj", "{652B4145-E704-4586-B8B6-CEA8A1525B19}"
EndProject
Global
	GlobalSection(SolutionConfigurationPlatforms) = preSolution
		Debug|Any CPU = Debug|Any CPU
		Release|Any CPU = Release|Any CPU
	EndGlobalSection
	GlobalSection(ProjectConfigurationPlatforms) = postSolution
		{652B4145-E704-4586-B8B6-CEA8A1525B19}.Debug|Any CPU.ActiveCfg = Debug|Any CPU
		{652B4145-E704-4586-B8B6-CEA8A1525B19}.Debug|Any CPU.Build.0 = Debug|Any CPU
		{652B4145-E704-4586-B8B6-CEA8A1525B19}.Release|Any CPU.ActiveCfg = Release|Any CPU
		{652B4145-E704-4586-B8B6-CEA8A1525B19}.Release|Any CPU.Build.0 = Release|Any CPU
	EndGlobalSection
	GlobalSection(SolutionProperties) = preSolution
		HideSolutionNode = FALSE
	EndGlobalSection
	GlobalSection(ExtensibilityGlobals) = postSolution
		SolutionGuid = {0C46EFA8-7037-44CC-B9D3-779DFD29A63E}
	EndGlobalSection
EndGlobal
