
Microsoft Visual Studio Solution File, Format Version 12.00
# Visual Studio 15
VisualStudioVersion = 15.0.28307.421
MinimumVisualStudioVersion = 10.0.40219.1
Project("{FAE04EC0-301F-11D3-BF4B-00C04F79EFBC}") = "WPFHomeWork", "WPFHomeWork.csproj", "{57B24731-F325-43C8-93CE-B3E5EDED6B7F}"
EndProject
Global
	GlobalSection(SolutionConfigurationPlatforms) = preSolution
		Debug|Any CPU = Debug|Any CPU
		Release|Any CPU = Release|Any CPU
	EndGlobalSection
	GlobalSection(ProjectConfigurationPlatforms) = postSolution
		{57B24731-F325-43C8-93CE-B3E5EDED6B7F}.Debug|Any CPU.ActiveCfg = Debug|Any CPU
		{57B24731-F325-43C8-93CE-B3E5EDED6B7F}.Debug|Any CPU.Build.0 = Debug|Any CPU
		{57B24731-F325-43C8-93CE-B3E5EDED6B7F}.Release|Any CPU.ActiveCfg = Release|Any CPU
		{57B24731-F325-43C8-93CE-B3E5EDED6B7F}.Release|Any CPU.Build.0 = Release|Any CPU
	EndGlobalSection
	GlobalSection(SolutionProperties) = preSolution
		HideSolutionNode = FALSE
	EndGlobalSection
	GlobalSection(ExtensibilityGlobals) = postSolution
		SolutionGuid = {2546E214-DEF9-4ADE-905F-0FE3AA6E548E}
	EndGlobalSection
EndGlobal
