
Microsoft Visual Studio Solution File, Format Version 12.00
# Visual Studio 15
VisualStudioVersion = 15.0.28307.779
MinimumVisualStudioVersion = 10.0.40219.1
Project("{FAE04EC0-301F-11D3-BF4B-00C04F79EFBC}") = "week2", "week2\week2.csproj", "{1E7472FE-42DE-4BAA-8348-9805966F8AFC}"
EndProject
Global
	GlobalSection(SolutionConfigurationPlatforms) = preSolution
		Debug|Any CPU = Debug|Any CPU
		Release|Any CPU = Release|Any CPU
	EndGlobalSection
	GlobalSection(ProjectConfigurationPlatforms) = postSolution
		{1E7472FE-42DE-4BAA-8348-9805966F8AFC}.Debug|Any CPU.ActiveCfg = Debug|Any CPU
		{1E7472FE-42DE-4BAA-8348-9805966F8AFC}.Debug|Any CPU.Build.0 = Debug|Any CPU
		{1E7472FE-42DE-4BAA-8348-9805966F8AFC}.Release|Any CPU.ActiveCfg = Release|Any CPU
		{1E7472FE-42DE-4BAA-8348-9805966F8AFC}.Release|Any CPU.Build.0 = Release|Any CPU
	EndGlobalSection
	GlobalSection(SolutionProperties) = preSolution
		HideSolutionNode = FALSE
	EndGlobalSection
	GlobalSection(ExtensibilityGlobals) = postSolution
		SolutionGuid = {29F59843-4988-4916-A630-56B6EEA12CEC}
	EndGlobalSection
EndGlobal
